<?xml version="1.0" encoding="utf-8"?>
<Project ToolsVersion="4.0" xmlns="http://schemas.microsoft.com/developer/msbuild/2003">
  <ItemGroup>
    <Filter Include="Source Files">
      <UniqueIdentifier>{4FC737F1-C7A5-4376-A066-2A32D752A2FF}</UniqueIdentifier>
      <Extensions>cpp;c;cc;cxx;def;odl;idl;hpj;bat;asm;asmx</Extensions>
    </Filter>
    <Filter Include="Header Files">
      <UniqueIdentifier>{93995380-89BD-4b04-88EB-625FBE52EBFB}</UniqueIdentifier>
      <Extensions>h;hpp;hxx;hm;inl;inc;xsd</Extensions>
    </Filter>
    <Filter Include="Resource Files">
      <UniqueIdentifier>{67DA6AB6-F800-4c08-8B7A-83BB121AAD01}</UniqueIdentifier>
      <Extensions>rc;ico;cur;bmp;dlg;rc2;rct;bin;rgs;gif;jpg;jpeg;jpe;resx;tiff;tif;png;wav;mfcribbon-ms</Extensions>
    </Filter>
  </ItemGroup>
  <ItemGroup>
    <ClCompile Include="..\..\gluit\freeglut_glutfont_definitions.c">
      <Filter>Source Files</Filter>
    </ClCompile>
    <ClCompile Include="..\..\gluit\freeglut_init.c">
      <Filter>Source Files</Filter>
    </ClCompile>
    <ClCompile Include="..\..\gluit\freeglut_joystick.c">
      <Filter>Source Files</Filter>
    </ClCompile>
    <ClCompile Include="..\..\gluit\freeglut_main.c">
      <Filter>Source Files</Filter>
    </ClCompile>
    <ClCompile Include="..\..\gluit\freeglut_menu.c">
      <Filter>Source Files</Filter>
    </ClCompile>
    <ClCompile Include="..\..\gluit\freeglut_misc.c">
      <Filter>Source Files</Filter>
    </ClCompile>
    <ClCompile Include="..\..\gluit\freeglut_overlay.c">
      <Filter>Source Files</Filter>
    </ClCompile>
    <ClCompile Include="..\..\gluit\freeglut_state.c">
      <Filter>Source Files</Filter>
    </ClCompile>
    <ClCompile Include="..\..\gluit\freeglut_stroke_mono_roman.c">
      <Filter>Source Files</Filter>
    </ClCompile>
    <ClCompile Include="..\..\gluit\freeglut_stroke_roman.c">
      <Filter>Source Files</Filter>
    </ClCompile>
    <ClCompile Include="..\..\gluit\freeglut_structure.c">
      <Filter>Source Files</Filter>
    </ClCompile>
    <ClCompile Include="..\..\gluit\freeglut_teapot.c">
      <Filter>Source Files</Filter>
    </ClCompile>
    <ClCompile Include="..\..\gluit\freeglut_videoresize.c">
      <Filter>Source Files</Filter>
    </ClCompile>
    <ClCompile Include="..\..\gluit\freeglut_window.c">
      <Filter>Source Files</Filter>
    </ClCompile>
    <ClCompile Include="..\..\gluit\glui.cc">
      <Filter>Source Files</Filter>
    </ClCompile>
    <ClCompile Include="..\..\gluit\glui_add_controls.cc">
      <Filter>Source Files</Filter>
    </ClCompile>
    <ClCompile Include="..\..\gluit\glui_algebra3.cc">
      <Filter>Source Files</Filter>
    </ClCompile>
    <ClCompile Include="..\..\gluit\glui_arcball.cc">
      <Filter>Source Files</Filter>
    </ClCompile>
    <ClCompile Include="..\..\gluit\glui_bitmap_img_data.cc">
      <Filter>Source Files</Filter>
    </ClCompile>
    <ClCompile Include="..\..\gluit\glui_bitmaps.cc">
      <Filter>Source Files</Filter>
    </ClCompile>
    <ClCompile Include="..\..\gluit\glui_button.cc">
      <Filter>Source Files</Filter>
    </ClCompile>
    <ClCompile Include="..\..\gluit\glui_checkbox.cc">
      <Filter>Source Files</Filter>
    </ClCompile>
    <ClCompile Include="..\..\gluit\glui_column.cc">
      <Filter>Source Files</Filter>
    </ClCompile>
    <ClCompile Include="..\..\gluit\glui_control.cc">
      <Filter>Source Files</Filter>
    </ClCompile>
    <ClCompile Include="..\..\gluit\glui_edittext.cc">
      <Filter>Source Files</Filter>
    </ClCompile>
    <ClCompile Include="..\..\gluit\glui_img_checkbox_0.c">
      <Filter>Source Files</Filter>
    </ClCompile>
    <ClCompile Include="..\..\gluit\glui_img_checkbox_0_dis.c">
      <Filter>Source Files</Filter>
    </ClCompile>
    <ClCompile Include="..\..\gluit\glui_img_checkbox_1.c">
      <Filter>Source Files</Filter>
    </ClCompile>
    <ClCompile Include="..\..\gluit\glui_img_checkbox_1_dis.c">
      <Filter>Source Files</Filter>
    </ClCompile>
    <ClCompile Include="..\..\gluit\glui_img_downarrow.c">
      <Filter>Source Files</Filter>
    </ClCompile>
    <ClCompile Include="..\..\gluit\glui_img_leftarrow.c">
      <Filter>Source Files</Filter>
    </ClCompile>
    <ClCompile Include="..\..\gluit\glui_img_listbox_down.c">
      <Filter>Source Files</Filter>
    </ClCompile>
    <ClCompile Include="..\..\gluit\glui_img_listbox_up.c">
      <Filter>Source Files</Filter>
    </ClCompile>
    <ClCompile Include="..\..\gluit\glui_img_listbox_up_dis.c">
      <Filter>Source Files</Filter>
    </ClCompile>
    <ClCompile Include="..\..\gluit\glui_img_radiobutton_0.c">
      <Filter>Source Files</Filter>
    </ClCompile>
    <ClCompile Include="..\..\gluit\glui_img_radiobutton_0_dis.c">
      <Filter>Source Files</Filter>
    </ClCompile>
    <ClCompile Include="..\..\gluit\glui_img_radiobutton_1.c">
      <Filter>Source Files</Filter>
    </ClCompile>
    <ClCompile Include="..\..\gluit\glui_img_radiobutton_1_dis.c">
      <Filter>Source Files</Filter>
    </ClCompile>
    <ClCompile Include="..\..\gluit\glui_img_rightarrow.c">
      <Filter>Source Files</Filter>
    </ClCompile>
    <ClCompile Include="..\..\gluit\glui_img_spindown_0.c">
      <Filter>Source Files</Filter>
    </ClCompile>
    <ClCompile Include="..\..\gluit\glui_img_spindown_1.c">
      <Filter>Source Files</Filter>
    </ClCompile>
    <ClCompile Include="..\..\gluit\glui_img_spindown_dis.c">
      <Filter>Source Files</Filter>
    </ClCompile>
    <ClCompile Include="..\..\gluit\glui_img_spinup_0.c">
      <Filter>Source Files</Filter>
    </ClCompile>
    <ClCompile Include="..\..\gluit\glui_img_spinup_1.c">
      <Filter>Source Files</Filter>
    </ClCompile>
    <ClCompile Include="..\..\gluit\glui_img_spinup_dis.c">
      <Filter>Source Files</Filter>
    </ClCompile>
    <ClCompile Include="..\..\gluit\glui_img_uparrow.c">
      <Filter>Source Files</Filter>
    </ClCompile>
    <ClCompile Include="..\..\gluit\glui_listbox.cc">
      <Filter>Source Files</Filter>
    </ClCompile>
    <ClCompile Include="..\..\gluit\glui_mouse_iaction.cc">
      <Filter>Source Files</Filter>
    </ClCompile>
    <ClCompile Include="..\..\gluit\glui_node.cc">
      <Filter>Source Files</Filter>
    </ClCompile>
    <ClCompile Include="..\..\gluit\glui_panel.cc">
      <Filter>Source Files</Filter>
    </ClCompile>
    <ClCompile Include="..\..\gluit\glui_quaternion.cc">
      <Filter>Source Files</Filter>
    </ClCompile>
    <ClCompile Include="..\..\gluit\glui_radio.cc">
      <Filter>Source Files</Filter>
    </ClCompile>
    <ClCompile Include="..\..\gluit\glui_rollout.cc">
      <Filter>Source Files</Filter>
    </ClCompile>
    <ClCompile Include="..\..\gluit\glui_rotation.cc">
      <Filter>Source Files</Filter>
    </ClCompile>
    <ClCompile Include="..\..\gluit\glui_separator.cc">
      <Filter>Source Files</Filter>
    </ClCompile>
    <ClCompile Include="..\..\gluit\glui_slider.cc">
      <Filter>Source Files</Filter>
    </ClCompile>
    <ClCompile Include="..\..\gluit\glui_spinner.cc">
      <Filter>Source Files</Filter>
    </ClCompile>
    <ClCompile Include="..\..\gluit\glui_statictext.cc">
      <Filter>Source Files</Filter>
    </ClCompile>
    <ClCompile Include="..\..\gluit\glui_translation.cc">
      <Filter>Source Files</Filter>
    </ClCompile>
    <ClCompile Include="..\..\gluit\freeglut_callbacks.c">
      <Filter>Source Files</Filter>
    </ClCompile>
    <ClCompile Include="..\..\gluit\freeglut_cursor.c">
      <Filter>Source Files</Filter>
    </ClCompile>
    <ClCompile Include="..\..\gluit\freeglut_display.c">
      <Filter>Source Files</Filter>
    </ClCompile>
    <ClCompile Include="..\..\gluit\freeglut_ext.c">
      <Filter>Source Files</Filter>
    </ClCompile>
    <ClCompile Include="..\..\gluit\freeglut_font.c">
      <Filter>Source Files</Filter>
    </ClCompile>
    <ClCompile Include="..\..\gluit\freeglut_font_data.c">
      <Filter>Source Files</Filter>
    </ClCompile>
    <ClCompile Include="..\..\gluit\freeglut_gamemode.c">
      <Filter>Source Files</Filter>
    </ClCompile>
    <ClCompile Include="..\..\gluit\freeglut_geometry.c">
      <Filter>Source Files</Filter>
    </ClCompile>
  </ItemGroup>
  <ItemGroup>
    <ClInclude Include="..\..\gluit\freeglut_internal.h">
      <Filter>Header Files</Filter>
    </ClInclude>
    <ClInclude Include="..\..\gluit\freeglut_teapot_data.h">
      <Filter>Header Files</Filter>
    </ClInclude>
    <ClInclude Include="..\..\gluit\glui_algebra3.h">
      <Filter>Header Files</Filter>
    </ClInclude>
    <ClInclude Include="..\..\gluit\glui_arcball.h">
      <Filter>Header Files</Filter>
    </ClInclude>
    <ClInclude Include="..\..\gluit\glui_quaternion.h">
      <Filter>Header Files</Filter>
    </ClInclude>
    <ClInclude Include="..\..\gluit\glui_stdinc.h">
      <Filter>Header Files</Filter>
    </ClInclude>
  </ItemGroup>
</Project>